// !$*UTF8*$!
{
	archiveVersion = 1;
	classes = {
	};
	objectVersion = 55;
	objects = {

/* Begin PBXBuildFile section */
		3820315928D8B2F4008FAD35 /* MainMenuViewController.swift in Sources */ = {isa = PBXBuildFile; fileRef = 3820315828D8B2F4008FAD35 /* MainMenuViewController.swift */; };
		3820315B28D8B319008FAD35 /* MenuCustomCell.swift in Sources */ = {isa = PBXBuildFile; fileRef = 3820315A28D8B319008FAD35 /* MenuCustomCell.swift */; };
		3820315D28D9EF74008FAD35 /* EmployeesListController.swift in Sources */ = {isa = PBXBuildFile; fileRef = 3820315C28D9EF74008FAD35 /* EmployeesListController.swift */; };
		3820315F28D9EF9F008FAD35 /* Employee.swift in Sources */ = {isa = PBXBuildFile; fileRef = 3820315E28D9EF9F008FAD35 /* Employee.swift */; };
		3820316128D9EFDF008FAD35 /* EmployeeCell.swift in Sources */ = {isa = PBXBuildFile; fileRef = 3820316028D9EFDF008FAD35 /* EmployeeCell.swift */; };
		3820316328D9EFF7008FAD35 /* BorderedLabel.swift in Sources */ = {isa = PBXBuildFile; fileRef = 3820316228D9EFF7008FAD35 /* BorderedLabel.swift */; };
		3820316C28DB4962008FAD35 /* EmployeeEditViewController.swift in Sources */ = {isa = PBXBuildFile; fileRef = 3820316B28DB4962008FAD35 /* EmployeeEditViewController.swift */; };
		3820316E28DB4AF1008FAD35 /* BorderedTextField.swift in Sources */ = {isa = PBXBuildFile; fileRef = 3820316D28DB4AF1008FAD35 /* BorderedTextField.swift */; };
		3824BF3A28EF7E7C0027149D /* Settings.swift in Sources */ = {isa = PBXBuildFile; fileRef = 3824BF3928EF7E7C0027149D /* Settings.swift */; };
		3824BF3D28F00CE80027149D /* SettingsView.swift in Sources */ = {isa = PBXBuildFile; fileRef = 3824BF3C28F00CE80027149D /* SettingsView.swift */; };
		3824BF3F28F01D520027149D /* DefaultSettingsStorage.swift in Sources */ = {isa = PBXBuildFile; fileRef = 3824BF3E28F01D520027149D /* DefaultSettingsStorage.swift */; };
		3824BF4228F0257A0027149D /* SettingsStorage.swift in Sources */ = {isa = PBXBuildFile; fileRef = 3824BF4128F0257A0027149D /* SettingsStorage.swift */; };
		3824BF4628F4A3260027149D /* SettingsManager.swift in Sources */ = {isa = PBXBuildFile; fileRef = 3824BF4528F4A3250027149D /* SettingsManager.swift */; };
		384FB718290A820B0040FE50 /* EmployeeEditView.swift in Sources */ = {isa = PBXBuildFile; fileRef = 384FB717290A820B0040FE50 /* EmployeeEditView.swift */; };
		385A04A728DDC54400FD008F /* SpinnerView.swift in Sources */ = {isa = PBXBuildFile; fileRef = 385A04A628DDC54400FD008F /* SpinnerView.swift */; };
		385C566A28D4A98C004AC34A /* AppDelegate.swift in Sources */ = {isa = PBXBuildFile; fileRef = 385C566928D4A98C004AC34A /* AppDelegate.swift */; };
		385C566E28D4A98C004AC34A /* SplashViewController.swift in Sources */ = {isa = PBXBuildFile; fileRef = 385C566D28D4A98C004AC34A /* SplashViewController.swift */; };
		385C567328D4A991004AC34A /* Assets.xcassets in Resources */ = {isa = PBXBuildFile; fileRef = 385C567228D4A991004AC34A /* Assets.xcassets */; };
		385C567628D4A991004AC34A /* LaunchScreen.storyboard in Resources */ = {isa = PBXBuildFile; fileRef = 385C567428D4A991004AC34A /* LaunchScreen.storyboard */; };
		3862A3B328E70BD700FE0872 /* Stub.swift in Sources */ = {isa = PBXBuildFile; fileRef = 3862A3B228E70BD700FE0872 /* Stub.swift */; };
		3862A3BF28EAE57A00FE0872 /* Server.swift in Sources */ = {isa = PBXBuildFile; fileRef = 3862A3BE28EAE57A00FE0872 /* Server.swift */; };
		387AAD7F28E30F70004BE734 /* SettingsViewController.swift in Sources */ = {isa = PBXBuildFile; fileRef = 387AAD7E28E30F70004BE734 /* SettingsViewController.swift */; };
		387AAD8728E4338E004BE734 /* MainMenuList.swift in Sources */ = {isa = PBXBuildFile; fileRef = 387AAD8628E4338E004BE734 /* MainMenuList.swift */; };
		387AAD8928E4345F004BE734 /* EmployeeMenu.swift in Sources */ = {isa = PBXBuildFile; fileRef = 387AAD8828E4345F004BE734 /* EmployeeMenu.swift */; };
		387AAD8B28E467E5004BE734 /* Settings.plist in Resources */ = {isa = PBXBuildFile; fileRef = 387AAD8A28E467E5004BE734 /* Settings.plist */; };
		38EF1A6A2935F79D00EB5F8E /* 3.png in Resources */ = {isa = PBXBuildFile; fileRef = 38EF1A622935F79D00EB5F8E /* 3.png */; };
		38EF1A7329435CDD00EB5F8E /* Project.swift in Sources */ = {isa = PBXBuildFile; fileRef = 38EF1A7229435CDD00EB5F8E /* Project.swift */; };
		38EF1B4F294366D700EB5F8E /* ProjectsListViewController.swift in Sources */ = {isa = PBXBuildFile; fileRef = 38EF1B4E294366D700EB5F8E /* ProjectsListViewController.swift */; };
		38EF1B5129436A3700EB5F8E /* ProjectCell.swift in Sources */ = {isa = PBXBuildFile; fileRef = 38EF1B5029436A3700EB5F8E /* ProjectCell.swift */; };
		38EF1B53294376E000EB5F8E /* ProjectEditViewController.swift in Sources */ = {isa = PBXBuildFile; fileRef = 38EF1B52294376E000EB5F8E /* ProjectEditViewController.swift */; };
		38EF1B55294378F800EB5F8E /* ProjectEditView.swift in Sources */ = {isa = PBXBuildFile; fileRef = 38EF1B54294378F800EB5F8E /* ProjectEditView.swift */; };
		38EF1C2F29473CAF00EB5F8E /* Task.swift in Sources */ = {isa = PBXBuildFile; fileRef = 38EF1C2E29473CAF00EB5F8E /* Task.swift */; };
		38EF1C322947435100EB5F8E /* TaskStatus.swift in Sources */ = {isa = PBXBuildFile; fileRef = 38EF1C312947435100EB5F8E /* TaskStatus.swift */; };
		38EF1C35294751EF00EB5F8E /* TaskCell.swift in Sources */ = {isa = PBXBuildFile; fileRef = 38EF1C34294751EF00EB5F8E /* TaskCell.swift */; };
		38EF1C382947550800EB5F8E /* TasksListController.swift in Sources */ = {isa = PBXBuildFile; fileRef = 38EF1C372947550700EB5F8E /* TasksListController.swift */; };
		38EF1C3C2947BCF900EB5F8E /* TaskEditViewController.swift in Sources */ = {isa = PBXBuildFile; fileRef = 38EF1C3B2947BCF900EB5F8E /* TaskEditViewController.swift */; };
		38EF1C3E2947BE8600EB5F8E /* TaskEditView.swift in Sources */ = {isa = PBXBuildFile; fileRef = 38EF1C3D2947BE8600EB5F8E /* TaskEditView.swift */; };
		38EF1C422948B47A00EB5F8E /* TaskPickerView.swift in Sources */ = {isa = PBXBuildFile; fileRef = 38EF1C412948B47A00EB5F8E /* TaskPickerView.swift */; };
		38EF1C46294A884A00EB5F8E /* TaskEditViewDelegate.swift in Sources */ = {isa = PBXBuildFile; fileRef = 38EF1C45294A884A00EB5F8E /* TaskEditViewDelegate.swift */; };
		38EF1C4B294D225200EB5F8E /* TaskDateFormatter.swift in Sources */ = {isa = PBXBuildFile; fileRef = 38EF1C4A294D225200EB5F8E /* TaskDateFormatter.swift */; };
		38EF1C4F295C2E7400EB5F8E /* ErrorAlert.swift in Sources */ = {isa = PBXBuildFile; fileRef = 38EF1C4E295C2E7400EB5F8E /* ErrorAlert.swift */; };
		38EF1C702968B9E700EB5F8E /* 7.png in Resources */ = {isa = PBXBuildFile; fileRef = 38EF1C6B2968B9E700EB5F8E /* 7.png */; };
		38EF1C792969A97700EB5F8E /* 1.png in Resources */ = {isa = PBXBuildFile; fileRef = 38EF1C782969A97700EB5F8E /* 1.png */; };
		38EF1C7D2969A99200EB5F8E /* 2.png in Resources */ = {isa = PBXBuildFile; fileRef = 38EF1C7C2969A99200EB5F8E /* 2.png */; };
		38EF1C7F2969A9A400EB5F8E /* 4.png in Resources */ = {isa = PBXBuildFile; fileRef = 38EF1C7E2969A9A400EB5F8E /* 4.png */; };
		38EF1C812969A9C400EB5F8E /* 5.png in Resources */ = {isa = PBXBuildFile; fileRef = 38EF1C802969A9C400EB5F8E /* 5.png */; };
		38EF1C832969A9DC00EB5F8E /* 6.png in Resources */ = {isa = PBXBuildFile; fileRef = 38EF1C822969A9DC00EB5F8E /* 6.png */; };
		38EF1C852969A9F300EB5F8E /* 8.png in Resources */ = {isa = PBXBuildFile; fileRef = 38EF1C842969A9F300EB5F8E /* 8.png */; };
		38EF1C872969AA0400EB5F8E /* 9.png in Resources */ = {isa = PBXBuildFile; fileRef = 38EF1C862969AA0400EB5F8E /* 9.png */; };
		38EF1C892969AA1200EB5F8E /* 10.png in Resources */ = {isa = PBXBuildFile; fileRef = 38EF1C882969AA1200EB5F8E /* 10.png */; };
		38EF1C8B2969AA2200EB5F8E /* 11.png in Resources */ = {isa = PBXBuildFile; fileRef = 38EF1C8A2969AA2200EB5F8E /* 11.png */; };
		38EF1C8D2969AB4000EB5F8E /* 12.png in Resources */ = {isa = PBXBuildFile; fileRef = 38EF1C8C2969AB4000EB5F8E /* 12.png */; };
		38EF1C8F2969AB5500EB5F8E /* 13.png in Resources */ = {isa = PBXBuildFile; fileRef = 38EF1C8E2969AB5500EB5F8E /* 13.png */; };
		38EF1C912969AB6200EB5F8E /* 14.png in Resources */ = {isa = PBXBuildFile; fileRef = 38EF1C902969AB6200EB5F8E /* 14.png */; };
		38EF1C932969AB6F00EB5F8E /* 15.png in Resources */ = {isa = PBXBuildFile; fileRef = 38EF1C922969AB6F00EB5F8E /* 15.png */; };
		38EF1C95296EDE4600EB5F8E /* BaseError.swift in Sources */ = {isa = PBXBuildFile; fileRef = 38EF1C94296EDE4600EB5F8E /* BaseError.swift */; };
		38EF1CBA2971EFA300EB5F8E /* Validator.swift in Sources */ = {isa = PBXBuildFile; fileRef = 38EF1CB92971EFA300EB5F8E /* Validator.swift */; };
		38EF1CBC29757E1700EB5F8E /* DatePickerView.swift in Sources */ = {isa = PBXBuildFile; fileRef = 38EF1CBB29757E1700EB5F8E /* DatePickerView.swift */; };
/* End PBXBuildFile section */

/* Begin PBXFileReference section */
		3820315828D8B2F4008FAD35 /* MainMenuViewController.swift */ = {isa = PBXFileReference; lastKnownFileType = sourcecode.swift; path = MainMenuViewController.swift; sourceTree = "<group>"; };
		3820315A28D8B319008FAD35 /* MenuCustomCell.swift */ = {isa = PBXFileReference; lastKnownFileType = sourcecode.swift; path = MenuCustomCell.swift; sourceTree = "<group>"; };
		3820315C28D9EF74008FAD35 /* EmployeesListController.swift */ = {isa = PBXFileReference; lastKnownFileType = sourcecode.swift; path = EmployeesListController.swift; sourceTree = "<group>"; };
		3820315E28D9EF9F008FAD35 /* Employee.swift */ = {isa = PBXFileReference; lastKnownFileType = sourcecode.swift; path = Employee.swift; sourceTree = "<group>"; };
		3820316028D9EFDF008FAD35 /* EmployeeCell.swift */ = {isa = PBXFileReference; lastKnownFileType = sourcecode.swift; path = EmployeeCell.swift; sourceTree = "<group>"; };
		3820316228D9EFF7008FAD35 /* BorderedLabel.swift */ = {isa = PBXFileReference; lastKnownFileType = sourcecode.swift; path = BorderedLabel.swift; sourceTree = "<group>"; };
		3820316B28DB4962008FAD35 /* EmployeeEditViewController.swift */ = {isa = PBXFileReference; lastKnownFileType = sourcecode.swift; path = EmployeeEditViewController.swift; sourceTree = "<group>"; };
		3820316D28DB4AF1008FAD35 /* BorderedTextField.swift */ = {isa = PBXFileReference; lastKnownFileType = sourcecode.swift; path = BorderedTextField.swift; sourceTree = "<group>"; };
		3824BF3928EF7E7C0027149D /* Settings.swift */ = {isa = PBXFileReference; lastKnownFileType = sourcecode.swift; path = Settings.swift; sourceTree = "<group>"; };
		3824BF3C28F00CE80027149D /* SettingsView.swift */ = {isa = PBXFileReference; lastKnownFileType = sourcecode.swift; path = SettingsView.swift; sourceTree = "<group>"; };
		3824BF3E28F01D520027149D /* DefaultSettingsStorage.swift */ = {isa = PBXFileReference; lastKnownFileType = sourcecode.swift; path = DefaultSettingsStorage.swift; sourceTree = "<group>"; };
		3824BF4128F0257A0027149D /* SettingsStorage.swift */ = {isa = PBXFileReference; lastKnownFileType = sourcecode.swift; path = SettingsStorage.swift; sourceTree = "<group>"; };
		3824BF4528F4A3250027149D /* SettingsManager.swift */ = {isa = PBXFileReference; lastKnownFileType = sourcecode.swift; path = SettingsManager.swift; sourceTree = "<group>"; };
		384FB717290A820B0040FE50 /* EmployeeEditView.swift */ = {isa = PBXFileReference; lastKnownFileType = sourcecode.swift; path = EmployeeEditView.swift; sourceTree = "<group>"; };
		385A04A628DDC54400FD008F /* SpinnerView.swift */ = {isa = PBXFileReference; lastKnownFileType = sourcecode.swift; path = SpinnerView.swift; sourceTree = "<group>"; };
		385C566628D4A98C004AC34A /* trainingtask.app */ = {isa = PBXFileReference; explicitFileType = wrapper.application; includeInIndex = 0; path = trainingtask.app; sourceTree = BUILT_PRODUCTS_DIR; };
		385C566928D4A98C004AC34A /* AppDelegate.swift */ = {isa = PBXFileReference; lastKnownFileType = sourcecode.swift; path = AppDelegate.swift; sourceTree = "<group>"; };
		385C566D28D4A98C004AC34A /* SplashViewController.swift */ = {isa = PBXFileReference; lastKnownFileType = sourcecode.swift; path = SplashViewController.swift; sourceTree = "<group>"; };
		385C567228D4A991004AC34A /* Assets.xcassets */ = {isa = PBXFileReference; lastKnownFileType = folder.assetcatalog; path = Assets.xcassets; sourceTree = "<group>"; };
		385C567528D4A991004AC34A /* Base */ = {isa = PBXFileReference; lastKnownFileType = file.storyboard; name = Base; path = Base.lproj/LaunchScreen.storyboard; sourceTree = "<group>"; };
		385C567728D4A991004AC34A /* Info.plist */ = {isa = PBXFileReference; lastKnownFileType = text.plist.xml; path = Info.plist; sourceTree = "<group>"; };
		3862A3B228E70BD700FE0872 /* Stub.swift */ = {isa = PBXFileReference; lastKnownFileType = sourcecode.swift; path = Stub.swift; sourceTree = "<group>"; };
		3862A3BE28EAE57A00FE0872 /* Server.swift */ = {isa = PBXFileReference; lastKnownFileType = sourcecode.swift; path = Server.swift; sourceTree = "<group>"; };
		387AAD7E28E30F70004BE734 /* SettingsViewController.swift */ = {isa = PBXFileReference; lastKnownFileType = sourcecode.swift; path = SettingsViewController.swift; sourceTree = "<group>"; };
		387AAD8628E4338E004BE734 /* MainMenuList.swift */ = {isa = PBXFileReference; lastKnownFileType = sourcecode.swift; path = MainMenuList.swift; sourceTree = "<group>"; };
		387AAD8828E4345F004BE734 /* EmployeeMenu.swift */ = {isa = PBXFileReference; lastKnownFileType = sourcecode.swift; path = EmployeeMenu.swift; sourceTree = "<group>"; };
		387AAD8A28E467E5004BE734 /* Settings.plist */ = {isa = PBXFileReference; lastKnownFileType = text.plist.xml; path = Settings.plist; sourceTree = "<group>"; };
		38EF1A622935F79D00EB5F8E /* 3.png */ = {isa = PBXFileReference; lastKnownFileType = image.png; path = 3.png; sourceTree = "<group>"; };
		38EF1A7229435CDD00EB5F8E /* Project.swift */ = {isa = PBXFileReference; lastKnownFileType = sourcecode.swift; path = Project.swift; sourceTree = "<group>"; };
		38EF1B4E294366D700EB5F8E /* ProjectsListViewController.swift */ = {isa = PBXFileReference; lastKnownFileType = sourcecode.swift; path = ProjectsListViewController.swift; sourceTree = "<group>"; };
		38EF1B5029436A3700EB5F8E /* ProjectCell.swift */ = {isa = PBXFileReference; lastKnownFileType = sourcecode.swift; path = ProjectCell.swift; sourceTree = "<group>"; };
		38EF1B52294376E000EB5F8E /* ProjectEditViewController.swift */ = {isa = PBXFileReference; lastKnownFileType = sourcecode.swift; path = ProjectEditViewController.swift; sourceTree = "<group>"; };
		38EF1B54294378F800EB5F8E /* ProjectEditView.swift */ = {isa = PBXFileReference; lastKnownFileType = sourcecode.swift; path = ProjectEditView.swift; sourceTree = "<group>"; };
		38EF1C2E29473CAF00EB5F8E /* Task.swift */ = {isa = PBXFileReference; lastKnownFileType = sourcecode.swift; path = Task.swift; sourceTree = "<group>"; };
		38EF1C312947435100EB5F8E /* TaskStatus.swift */ = {isa = PBXFileReference; lastKnownFileType = sourcecode.swift; path = TaskStatus.swift; sourceTree = "<group>"; };
		38EF1C34294751EF00EB5F8E /* TaskCell.swift */ = {isa = PBXFileReference; lastKnownFileType = sourcecode.swift; path = TaskCell.swift; sourceTree = "<group>"; };
		38EF1C372947550700EB5F8E /* TasksListController.swift */ = {isa = PBXFileReference; lastKnownFileType = sourcecode.swift; path = TasksListController.swift; sourceTree = "<group>"; };
		38EF1C3B2947BCF900EB5F8E /* TaskEditViewController.swift */ = {isa = PBXFileReference; lastKnownFileType = sourcecode.swift; path = TaskEditViewController.swift; sourceTree = "<group>"; };
		38EF1C3D2947BE8600EB5F8E /* TaskEditView.swift */ = {isa = PBXFileReference; lastKnownFileType = sourcecode.swift; path = TaskEditView.swift; sourceTree = "<group>"; };
		38EF1C412948B47A00EB5F8E /* TaskPickerView.swift */ = {isa = PBXFileReference; lastKnownFileType = sourcecode.swift; path = TaskPickerView.swift; sourceTree = "<group>"; };
		38EF1C45294A884A00EB5F8E /* TaskEditViewDelegate.swift */ = {isa = PBXFileReference; lastKnownFileType = sourcecode.swift; path = TaskEditViewDelegate.swift; sourceTree = "<group>"; };
		38EF1C4A294D225200EB5F8E /* TaskDateFormatter.swift */ = {isa = PBXFileReference; lastKnownFileType = sourcecode.swift; path = TaskDateFormatter.swift; sourceTree = "<group>"; };
		38EF1C4E295C2E7400EB5F8E /* ErrorAlert.swift */ = {isa = PBXFileReference; lastKnownFileType = sourcecode.swift; path = ErrorAlert.swift; sourceTree = "<group>"; };
		38EF1C6B2968B9E700EB5F8E /* 7.png */ = {isa = PBXFileReference; lastKnownFileType = image.png; path = 7.png; sourceTree = "<group>"; };
		38EF1C782969A97700EB5F8E /* 1.png */ = {isa = PBXFileReference; lastKnownFileType = image.png; path = 1.png; sourceTree = "<group>"; };
		38EF1C7C2969A99200EB5F8E /* 2.png */ = {isa = PBXFileReference; lastKnownFileType = image.png; path = 2.png; sourceTree = "<group>"; };
		38EF1C7E2969A9A400EB5F8E /* 4.png */ = {isa = PBXFileReference; lastKnownFileType = image.png; path = 4.png; sourceTree = "<group>"; };
		38EF1C802969A9C400EB5F8E /* 5.png */ = {isa = PBXFileReference; lastKnownFileType = image.png; path = 5.png; sourceTree = "<group>"; };
		38EF1C822969A9DC00EB5F8E /* 6.png */ = {isa = PBXFileReference; lastKnownFileType = image.png; path = 6.png; sourceTree = "<group>"; };
		38EF1C842969A9F300EB5F8E /* 8.png */ = {isa = PBXFileReference; lastKnownFileType = image.png; path = 8.png; sourceTree = "<group>"; };
		38EF1C862969AA0400EB5F8E /* 9.png */ = {isa = PBXFileReference; lastKnownFileType = image.png; path = 9.png; sourceTree = "<group>"; };
		38EF1C882969AA1200EB5F8E /* 10.png */ = {isa = PBXFileReference; lastKnownFileType = image.png; path = 10.png; sourceTree = "<group>"; };
		38EF1C8A2969AA2200EB5F8E /* 11.png */ = {isa = PBXFileReference; lastKnownFileType = image.png; path = 11.png; sourceTree = "<group>"; };
		38EF1C8C2969AB4000EB5F8E /* 12.png */ = {isa = PBXFileReference; lastKnownFileType = image.png; path = 12.png; sourceTree = "<group>"; };
		38EF1C8E2969AB5500EB5F8E /* 13.png */ = {isa = PBXFileReference; lastKnownFileType = image.png; path = 13.png; sourceTree = "<group>"; };
		38EF1C902969AB6200EB5F8E /* 14.png */ = {isa = PBXFileReference; lastKnownFileType = image.png; path = 14.png; sourceTree = "<group>"; };
		38EF1C922969AB6F00EB5F8E /* 15.png */ = {isa = PBXFileReference; lastKnownFileType = image.png; path = 15.png; sourceTree = "<group>"; };
		38EF1C94296EDE4600EB5F8E /* BaseError.swift */ = {isa = PBXFileReference; lastKnownFileType = sourcecode.swift; path = BaseError.swift; sourceTree = "<group>"; };
		38EF1CB92971EFA300EB5F8E /* Validator.swift */ = {isa = PBXFileReference; lastKnownFileType = sourcecode.swift; path = Validator.swift; sourceTree = "<group>"; };
		38EF1CBB29757E1700EB5F8E /* DatePickerView.swift */ = {isa = PBXFileReference; lastKnownFileType = sourcecode.swift; path = DatePickerView.swift; sourceTree = "<group>"; };
/* End PBXFileReference section */

/* Begin PBXFrameworksBuildPhase section */
		385C566328D4A98C004AC34A /* Frameworks */ = {
			isa = PBXFrameworksBuildPhase;
			buildActionMask = 2147483647;
			files = (
			);
			runOnlyForDeploymentPostprocessing = 0;
		};
/* End PBXFrameworksBuildPhase section */

/* Begin PBXGroup section */
		3820316528D9F0E1008FAD35 /* Model */ = {
			isa = PBXGroup;
			children = (
				3820315E28D9EF9F008FAD35 /* Employee.swift */,
				387AAD8828E4345F004BE734 /* EmployeeMenu.swift */,
			);
			path = Model;
			sourceTree = "<group>";
		};
		3820316628D9F0EF008FAD35 /* Views */ = {
			isa = PBXGroup;
			children = (
				38EF1C4E295C2E7400EB5F8E /* ErrorAlert.swift */,
				3820316228D9EFF7008FAD35 /* BorderedLabel.swift */,
				3820316D28DB4AF1008FAD35 /* BorderedTextField.swift */,
				385A04A628DDC54400FD008F /* SpinnerView.swift */,
				38EF1CBB29757E1700EB5F8E /* DatePickerView.swift */,
			);
			path = Views;
			sourceTree = "<group>";
		};
		3824BF3B28EF7E970027149D /* Model */ = {
			isa = PBXGroup;
			children = (
				3824BF3928EF7E7C0027149D /* Settings.swift */,
			);
			path = Model;
			sourceTree = "<group>";
		};
		3824BF4028F01D700027149D /* View */ = {
			isa = PBXGroup;
			children = (
				3824BF3C28F00CE80027149D /* SettingsView.swift */,
			);
			path = View;
			sourceTree = "<group>";
		};
		3824BF4D28F5F22B0027149D /* SettingsServices */ = {
			isa = PBXGroup;
			children = (
				3824BF3E28F01D520027149D /* DefaultSettingsStorage.swift */,
				3824BF4128F0257A0027149D /* SettingsStorage.swift */,
				3824BF4528F4A3250027149D /* SettingsManager.swift */,
			);
			path = SettingsServices;
			sourceTree = "<group>";
		};
		383A56432935046A00682FFB /* screens */ = {
			isa = PBXGroup;
			children = (
				38EF1C782969A97700EB5F8E /* 1.png */,
				38EF1C7C2969A99200EB5F8E /* 2.png */,
				38EF1A622935F79D00EB5F8E /* 3.png */,
				38EF1C7E2969A9A400EB5F8E /* 4.png */,
				38EF1C802969A9C400EB5F8E /* 5.png */,
				38EF1C822969A9DC00EB5F8E /* 6.png */,
				38EF1C6B2968B9E700EB5F8E /* 7.png */,
				38EF1C842969A9F300EB5F8E /* 8.png */,
				38EF1C862969AA0400EB5F8E /* 9.png */,
				38EF1C882969AA1200EB5F8E /* 10.png */,
				38EF1C8A2969AA2200EB5F8E /* 11.png */,
				38EF1C8C2969AB4000EB5F8E /* 12.png */,
				38EF1C8E2969AB5500EB5F8E /* 13.png */,
				38EF1C902969AB6200EB5F8E /* 14.png */,
				38EF1C922969AB6F00EB5F8E /* 15.png */,
			);
			path = screens;
			sourceTree = "<group>";
		};
		385A04A328DDC35400FD008F /* Stub */ = {
			isa = PBXGroup;
			children = (
				3862A3B228E70BD700FE0872 /* Stub.swift */,
				3862A3BE28EAE57A00FE0872 /* Server.swift */,
			);
			path = Stub;
			sourceTree = "<group>";
		};
		385C565D28D4A98C004AC34A = {
			isa = PBXGroup;
			children = (
				385C566828D4A98C004AC34A /* trainingtask */,
				385C566728D4A98C004AC34A /* Products */,
			);
			sourceTree = "<group>";
		};
		385C566728D4A98C004AC34A /* Products */ = {
			isa = PBXGroup;
			children = (
				385C566628D4A98C004AC34A /* trainingtask.app */,
			);
			name = Products;
			sourceTree = "<group>";
		};
		385C566828D4A98C004AC34A /* trainingtask */ = {
			isa = PBXGroup;
			children = (
				389A99F628E6EEAC0093D975 /* src */,
				387AAD9428E6E51B004BE734 /* res */,
			);
			path = trainingtask;
			sourceTree = "<group>";
		};
		3862A3B628E72EEB00FE0872 /* EditEmployees */ = {
			isa = PBXGroup;
			children = (
				3820316B28DB4962008FAD35 /* EmployeeEditViewController.swift */,
			);
			path = EditEmployees;
			sourceTree = "<group>";
		};
		3862A3B728E72EFA00FE0872 /* ListEmployees */ = {
			isa = PBXGroup;
			children = (
				3820315C28D9EF74008FAD35 /* EmployeesListController.swift */,
			);
			path = ListEmployees;
			sourceTree = "<group>";
		};
		387AAD8228E36BB1004BE734 /* Employees */ = {
			isa = PBXGroup;
			children = (
				3820316528D9F0E1008FAD35 /* Model */,
				3862A3B728E72EFA00FE0872 /* ListEmployees */,
				3862A3B628E72EEB00FE0872 /* EditEmployees */,
				387AAD8328E36C0C004BE734 /* Views */,
			);
			path = Employees;
			sourceTree = "<group>";
		};
		387AAD8328E36C0C004BE734 /* Views */ = {
			isa = PBXGroup;
			children = (
				3820316028D9EFDF008FAD35 /* EmployeeCell.swift */,
				384FB717290A820B0040FE50 /* EmployeeEditView.swift */,
			);
			path = Views;
			sourceTree = "<group>";
		};
		387AAD8428E36C55004BE734 /* MainMenu */ = {
			isa = PBXGroup;
			children = (
				3820315828D8B2F4008FAD35 /* MainMenuViewController.swift */,
				387AAD8628E4338E004BE734 /* MainMenuList.swift */,
				3820315A28D8B319008FAD35 /* MenuCustomCell.swift */,
			);
			path = MainMenu;
			sourceTree = "<group>";
		};
		387AAD8528E36CAA004BE734 /* Settings */ = {
			isa = PBXGroup;
			children = (
				3824BF3B28EF7E970027149D /* Model */,
				3824BF4028F01D700027149D /* View */,
				387AAD7E28E30F70004BE734 /* SettingsViewController.swift */,
			);
			path = Settings;
			sourceTree = "<group>";
		};
		387AAD9428E6E51B004BE734 /* res */ = {
			isa = PBXGroup;
			children = (
				383A56432935046A00682FFB /* screens */,
				385C567228D4A991004AC34A /* Assets.xcassets */,
				385C567428D4A991004AC34A /* LaunchScreen.storyboard */,
				385C567728D4A991004AC34A /* Info.plist */,
				387AAD8A28E467E5004BE734 /* Settings.plist */,
			);
			path = res;
			sourceTree = "<group>";
		};
		387AAD9528E6E531004BE734 /* SplashViewController */ = {
			isa = PBXGroup;
			children = (
				385C566D28D4A98C004AC34A /* SplashViewController.swift */,
			);
			path = SplashViewController;
			sourceTree = "<group>";
		};
		389A99F628E6EEAC0093D975 /* src */ = {
			isa = PBXGroup;
			children = (
				385C566928D4A98C004AC34A /* AppDelegate.swift */,
				38EF1C94296EDE4600EB5F8E /* BaseError.swift */,
				38EF1CB92971EFA300EB5F8E /* Validator.swift */,
				385A04A328DDC35400FD008F /* Stub */,
				3824BF4D28F5F22B0027149D /* SettingsServices */,
				38EF1CB82970117D00EB5F8E /* Screen */,
				3820316628D9F0EF008FAD35 /* Views */,
			);
			path = src;
			sourceTree = "<group>";
		};
		38EF1A7129435CC600EB5F8E /* Projects */ = {
			isa = PBXGroup;
			children = (
				38EF1B4C2943666F00EB5F8E /* Model */,
				38EF1B4D2943668200EB5F8E /* ListProjects */,
				38EF1B5729437BCE00EB5F8E /* EditProjects */,
				38EF1B5629437BBE00EB5F8E /* Views */,
			);
			path = Projects;
			sourceTree = "<group>";
		};
		38EF1B4C2943666F00EB5F8E /* Model */ = {
			isa = PBXGroup;
			children = (
				38EF1A7229435CDD00EB5F8E /* Project.swift */,
			);
			path = Model;
			sourceTree = "<group>";
		};
		38EF1B4D2943668200EB5F8E /* ListProjects */ = {
			isa = PBXGroup;
			children = (
				38EF1B4E294366D700EB5F8E /* ProjectsListViewController.swift */,
			);
			path = ListProjects;
			sourceTree = "<group>";
		};
		38EF1B5629437BBE00EB5F8E /* Views */ = {
			isa = PBXGroup;
			children = (
				38EF1B5029436A3700EB5F8E /* ProjectCell.swift */,
				38EF1B54294378F800EB5F8E /* ProjectEditView.swift */,
			);
			path = Views;
			sourceTree = "<group>";
		};
		38EF1B5729437BCE00EB5F8E /* EditProjects */ = {
			isa = PBXGroup;
			children = (
				38EF1B52294376E000EB5F8E /* ProjectEditViewController.swift */,
			);
			path = EditProjects;
			sourceTree = "<group>";
		};
		38EF1C2C2944E61700EB5F8E /* Tasks */ = {
			isa = PBXGroup;
			children = (
				38EF1C2D2944E62F00EB5F8E /* Model */,
				38EF1C36294754D400EB5F8E /* ListTasks */,
				38EF1C3A2947BCCD00EB5F8E /* EditTasks */,
				38EF1C33294751E000EB5F8E /* Views */,
			);
			path = Tasks;
			sourceTree = "<group>";
		};
		38EF1C2D2944E62F00EB5F8E /* Model */ = {
			isa = PBXGroup;
			children = (
				38EF1C2E29473CAF00EB5F8E /* Task.swift */,
				38EF1C312947435100EB5F8E /* TaskStatus.swift */,
			);
			path = Model;
			sourceTree = "<group>";
		};
		38EF1C33294751E000EB5F8E /* Views */ = {
			isa = PBXGroup;
			children = (
				38EF1C47294A885700EB5F8E /* TaskEditView */,
				38EF1C412948B47A00EB5F8E /* TaskPickerView.swift */,
				38EF1C34294751EF00EB5F8E /* TaskCell.swift */,
			);
			path = Views;
			sourceTree = "<group>";
		};
		38EF1C36294754D400EB5F8E /* ListTasks */ = {
			isa = PBXGroup;
			children = (
				38EF1C372947550700EB5F8E /* TasksListController.swift */,
			);
			path = ListTasks;
			sourceTree = "<group>";
		};
		38EF1C3A2947BCCD00EB5F8E /* EditTasks */ = {
			isa = PBXGroup;
			children = (
				38EF1C3B2947BCF900EB5F8E /* TaskEditViewController.swift */,
				38EF1C4A294D225200EB5F8E /* TaskDateFormatter.swift */,
			);
			path = EditTasks;
			sourceTree = "<group>";
		};
		38EF1C47294A885700EB5F8E /* TaskEditView */ = {
			isa = PBXGroup;
			children = (
				38EF1C3D2947BE8600EB5F8E /* TaskEditView.swift */,
				38EF1C45294A884A00EB5F8E /* TaskEditViewDelegate.swift */,
			);
			path = TaskEditView;
			sourceTree = "<group>";
		};
		38EF1CB82970117D00EB5F8E /* Screen */ = {
			isa = PBXGroup;
			children = (
				387AAD9528E6E531004BE734 /* SplashViewController */,
				387AAD8428E36C55004BE734 /* MainMenu */,
				387AAD8228E36BB1004BE734 /* Employees */,
				38EF1A7129435CC600EB5F8E /* Projects */,
				38EF1C2C2944E61700EB5F8E /* Tasks */,
				387AAD8528E36CAA004BE734 /* Settings */,
			);
			path = Screen;
			sourceTree = "<group>";
		};
/* End PBXGroup section */

/* Begin PBXNativeTarget section */
		385C566528D4A98C004AC34A /* trainingtask */ = {
			isa = PBXNativeTarget;
			buildConfigurationList = 385C567A28D4A991004AC34A /* Build configuration list for PBXNativeTarget "trainingtask" */;
			buildPhases = (
				385C566228D4A98C004AC34A /* Sources */,
				385C566328D4A98C004AC34A /* Frameworks */,
				385C566428D4A98C004AC34A /* Resources */,
			);
			buildRules = (
			);
			dependencies = (
			);
			name = trainingtask;
			productName = trainingtask;
			productReference = 385C566628D4A98C004AC34A /* trainingtask.app */;
			productType = "com.apple.product-type.application";
		};
/* End PBXNativeTarget section */

/* Begin PBXProject section */
		385C565E28D4A98C004AC34A /* Project object */ = {
			isa = PBXProject;
			attributes = {
				BuildIndependentTargetsInParallel = 1;
				LastSwiftUpdateCheck = 1340;
				LastUpgradeCheck = 1340;
				TargetAttributes = {
					385C566528D4A98C004AC34A = {
						CreatedOnToolsVersion = 13.4.1;
					};
				};
			};
			buildConfigurationList = 385C566128D4A98C004AC34A /* Build configuration list for PBXProject "trainingtask" */;
			compatibilityVersion = "Xcode 13.0";
			developmentRegion = en;
			hasScannedForEncodings = 0;
			knownRegions = (
				en,
				Base,
			);
			mainGroup = 385C565D28D4A98C004AC34A;
			productRefGroup = 385C566728D4A98C004AC34A /* Products */;
			projectDirPath = "";
			projectRoot = "";
			targets = (
				385C566528D4A98C004AC34A /* trainingtask */,
			);
		};
/* End PBXProject section */

/* Begin PBXResourcesBuildPhase section */
		385C566428D4A98C004AC34A /* Resources */ = {
			isa = PBXResourcesBuildPhase;
			buildActionMask = 2147483647;
			files = (
				38EF1C7F2969A9A400EB5F8E /* 4.png in Resources */,
				38EF1C702968B9E700EB5F8E /* 7.png in Resources */,
				38EF1C872969AA0400EB5F8E /* 9.png in Resources */,
				38EF1C7D2969A99200EB5F8E /* 2.png in Resources */,
				38EF1C852969A9F300EB5F8E /* 8.png in Resources */,
				385C567628D4A991004AC34A /* LaunchScreen.storyboard in Resources */,
				38EF1C792969A97700EB5F8E /* 1.png in Resources */,
				385C567328D4A991004AC34A /* Assets.xcassets in Resources */,
				387AAD8B28E467E5004BE734 /* Settings.plist in Resources */,
				38EF1C932969AB6F00EB5F8E /* 15.png in Resources */,
				38EF1C912969AB6200EB5F8E /* 14.png in Resources */,
				38EF1C832969A9DC00EB5F8E /* 6.png in Resources */,
				38EF1C8F2969AB5500EB5F8E /* 13.png in Resources */,
				38EF1C8D2969AB4000EB5F8E /* 12.png in Resources */,
				38EF1C8B2969AA2200EB5F8E /* 11.png in Resources */,
				38EF1C892969AA1200EB5F8E /* 10.png in Resources */,
				38EF1A6A2935F79D00EB5F8E /* 3.png in Resources */,
				38EF1C812969A9C400EB5F8E /* 5.png in Resources */,
			);
			runOnlyForDeploymentPostprocessing = 0;
		};
/* End PBXResourcesBuildPhase section */

/* Begin PBXSourcesBuildPhase section */
		385C566228D4A98C004AC34A /* Sources */ = {
			isa = PBXSourcesBuildPhase;
			buildActionMask = 2147483647;
			files = (
				385C566E28D4A98C004AC34A /* SplashViewController.swift in Sources */,
				385C566A28D4A98C004AC34A /* AppDelegate.swift in Sources */,
				3824BF3D28F00CE80027149D /* SettingsView.swift in Sources */,
				3820316328D9EFF7008FAD35 /* BorderedLabel.swift in Sources */,
				38EF1C4F295C2E7400EB5F8E /* ErrorAlert.swift in Sources */,
				3820316128D9EFDF008FAD35 /* EmployeeCell.swift in Sources */,
				3820316E28DB4AF1008FAD35 /* BorderedTextField.swift in Sources */,
				38EF1C3C2947BCF900EB5F8E /* TaskEditViewController.swift in Sources */,
				384FB718290A820B0040FE50 /* EmployeeEditView.swift in Sources */,
				3824BF4628F4A3260027149D /* SettingsManager.swift in Sources */,
				387AAD7F28E30F70004BE734 /* SettingsViewController.swift in Sources */,
				385A04A728DDC54400FD008F /* SpinnerView.swift in Sources */,
				3820315D28D9EF74008FAD35 /* EmployeesListController.swift in Sources */,
				38EF1B55294378F800EB5F8E /* ProjectEditView.swift in Sources */,
				3820315F28D9EF9F008FAD35 /* Employee.swift in Sources */,
				38EF1CBC29757E1700EB5F8E /* DatePickerView.swift in Sources */,
				387AAD8928E4345F004BE734 /* EmployeeMenu.swift in Sources */,
				38EF1C382947550800EB5F8E /* TasksListController.swift in Sources */,
				3862A3B328E70BD700FE0872 /* Stub.swift in Sources */,
				38EF1B4F294366D700EB5F8E /* ProjectsListViewController.swift in Sources */,
				387AAD8728E4338E004BE734 /* MainMenuList.swift in Sources */,
				38EF1C322947435100EB5F8E /* TaskStatus.swift in Sources */,
				38EF1C95296EDE4600EB5F8E /* BaseError.swift in Sources */,
				3820315B28D8B319008FAD35 /* MenuCustomCell.swift in Sources */,
				38EF1C46294A884A00EB5F8E /* TaskEditViewDelegate.swift in Sources */,
				3820316C28DB4962008FAD35 /* EmployeeEditViewController.swift in Sources */,
				38EF1C3E2947BE8600EB5F8E /* TaskEditView.swift in Sources */,
				3824BF3F28F01D520027149D /* DefaultSettingsStorage.swift in Sources */,
				38EF1CBA2971EFA300EB5F8E /* Validator.swift in Sources */,
				38EF1C422948B47A00EB5F8E /* TaskPickerView.swift in Sources */,
				38EF1C2F29473CAF00EB5F8E /* Task.swift in Sources */,
				3820315928D8B2F4008FAD35 /* MainMenuViewController.swift in Sources */,
				38EF1B5129436A3700EB5F8E /* ProjectCell.swift in Sources */,
				3862A3BF28EAE57A00FE0872 /* Server.swift in Sources */,
				3824BF3A28EF7E7C0027149D /* Settings.swift in Sources */,
				38EF1C35294751EF00EB5F8E /* TaskCell.swift in Sources */,
				3824BF4228F0257A0027149D /* SettingsStorage.swift in Sources */,
				38EF1B53294376E000EB5F8E /* ProjectEditViewController.swift in Sources */,
				38EF1A7329435CDD00EB5F8E /* Project.swift in Sources */,
				38EF1C4B294D225200EB5F8E /* TaskDateFormatter.swift in Sources */,
			);
			runOnlyForDeploymentPostprocessing = 0;
		};
/* End PBXSourcesBuildPhase section */

/* Begin PBXVariantGroup section */
		385C567428D4A991004AC34A /* LaunchScreen.storyboard */ = {
			isa = PBXVariantGroup;
			children = (
				385C567528D4A991004AC34A /* Base */,
			);
			name = LaunchScreen.storyboard;
			sourceTree = "<group>";
		};
/* End PBXVariantGroup section */

/* Begin XCBuildConfiguration section */
		385C567828D4A991004AC34A /* Debug */ = {
			isa = XCBuildConfiguration;
			buildSettings = {
				ALWAYS_SEARCH_USER_PATHS = NO;
				CLANG_ANALYZER_NONNULL = YES;
				CLANG_ANALYZER_NUMBER_OBJECT_CONVERSION = YES_AGGRESSIVE;
				CLANG_CXX_LANGUAGE_STANDARD = "gnu++17";
				CLANG_ENABLE_MODULES = YES;
				CLANG_ENABLE_OBJC_ARC = YES;
				CLANG_ENABLE_OBJC_WEAK = YES;
				CLANG_WARN_BLOCK_CAPTURE_AUTORELEASING = YES;
				CLANG_WARN_BOOL_CONVERSION = YES;
				CLANG_WARN_COMMA = YES;
				CLANG_WARN_CONSTANT_CONVERSION = YES;
				CLANG_WARN_DEPRECATED_OBJC_IMPLEMENTATIONS = YES;
				CLANG_WARN_DIRECT_OBJC_ISA_USAGE = YES_ERROR;
				CLANG_WARN_DOCUMENTATION_COMMENTS = YES;
				CLANG_WARN_EMPTY_BODY = YES;
				CLANG_WARN_ENUM_CONVERSION = YES;
				CLANG_WARN_INFINITE_RECURSION = YES;
				CLANG_WARN_INT_CONVERSION = YES;
				CLANG_WARN_NON_LITERAL_NULL_CONVERSION = YES;
				CLANG_WARN_OBJC_IMPLICIT_RETAIN_SELF = YES;
				CLANG_WARN_OBJC_LITERAL_CONVERSION = YES;
				CLANG_WARN_OBJC_ROOT_CLASS = YES_ERROR;
				CLANG_WARN_QUOTED_INCLUDE_IN_FRAMEWORK_HEADER = YES;
				CLANG_WARN_RANGE_LOOP_ANALYSIS = YES;
				CLANG_WARN_STRICT_PROTOTYPES = YES;
				CLANG_WARN_SUSPICIOUS_MOVE = YES;
				CLANG_WARN_UNGUARDED_AVAILABILITY = YES_AGGRESSIVE;
				CLANG_WARN_UNREACHABLE_CODE = YES;
				CLANG_WARN__DUPLICATE_METHOD_MATCH = YES;
				COPY_PHASE_STRIP = NO;
				DEBUG_INFORMATION_FORMAT = dwarf;
				ENABLE_STRICT_OBJC_MSGSEND = YES;
				ENABLE_TESTABILITY = YES;
				GCC_C_LANGUAGE_STANDARD = gnu11;
				GCC_DYNAMIC_NO_PIC = NO;
				GCC_NO_COMMON_BLOCKS = YES;
				GCC_OPTIMIZATION_LEVEL = 0;
				GCC_PREPROCESSOR_DEFINITIONS = (
					"DEBUG=1",
					"$(inherited)",
				);
				GCC_WARN_64_TO_32_BIT_CONVERSION = YES;
				GCC_WARN_ABOUT_RETURN_TYPE = YES_ERROR;
				GCC_WARN_UNDECLARED_SELECTOR = YES;
				GCC_WARN_UNINITIALIZED_AUTOS = YES_AGGRESSIVE;
				GCC_WARN_UNUSED_FUNCTION = YES;
				GCC_WARN_UNUSED_VARIABLE = YES;
				IPHONEOS_DEPLOYMENT_TARGET = 11.0;
				MTL_ENABLE_DEBUG_INFO = INCLUDE_SOURCE;
				MTL_FAST_MATH = YES;
				ONLY_ACTIVE_ARCH = YES;
				SDKROOT = iphoneos;
				SWIFT_ACTIVE_COMPILATION_CONDITIONS = DEBUG;
				SWIFT_OPTIMIZATION_LEVEL = "-Onone";
			};
			name = Debug;
		};
		385C567928D4A991004AC34A /* Release */ = {
			isa = XCBuildConfiguration;
			buildSettings = {
				ALWAYS_SEARCH_USER_PATHS = NO;
				CLANG_ANALYZER_NONNULL = YES;
				CLANG_ANALYZER_NUMBER_OBJECT_CONVERSION = YES_AGGRESSIVE;
				CLANG_CXX_LANGUAGE_STANDARD = "gnu++17";
				CLANG_ENABLE_MODULES = YES;
				CLANG_ENABLE_OBJC_ARC = YES;
				CLANG_ENABLE_OBJC_WEAK = YES;
				CLANG_WARN_BLOCK_CAPTURE_AUTORELEASING = YES;
				CLANG_WARN_BOOL_CONVERSION = YES;
				CLANG_WARN_COMMA = YES;
				CLANG_WARN_CONSTANT_CONVERSION = YES;
				CLANG_WARN_DEPRECATED_OBJC_IMPLEMENTATIONS = YES;
				CLANG_WARN_DIRECT_OBJC_ISA_USAGE = YES_ERROR;
				CLANG_WARN_DOCUMENTATION_COMMENTS = YES;
				CLANG_WARN_EMPTY_BODY = YES;
				CLANG_WARN_ENUM_CONVERSION = YES;
				CLANG_WARN_INFINITE_RECURSION = YES;
				CLANG_WARN_INT_CONVERSION = YES;
				CLANG_WARN_NON_LITERAL_NULL_CONVERSION = YES;
				CLANG_WARN_OBJC_IMPLICIT_RETAIN_SELF = YES;
				CLANG_WARN_OBJC_LITERAL_CONVERSION = YES;
				CLANG_WARN_OBJC_ROOT_CLASS = YES_ERROR;
				CLANG_WARN_QUOTED_INCLUDE_IN_FRAMEWORK_HEADER = YES;
				CLANG_WARN_RANGE_LOOP_ANALYSIS = YES;
				CLANG_WARN_STRICT_PROTOTYPES = YES;
				CLANG_WARN_SUSPICIOUS_MOVE = YES;
				CLANG_WARN_UNGUARDED_AVAILABILITY = YES_AGGRESSIVE;
				CLANG_WARN_UNREACHABLE_CODE = YES;
				CLANG_WARN__DUPLICATE_METHOD_MATCH = YES;
				COPY_PHASE_STRIP = NO;
				DEBUG_INFORMATION_FORMAT = "dwarf-with-dsym";
				ENABLE_NS_ASSERTIONS = NO;
				ENABLE_STRICT_OBJC_MSGSEND = YES;
				GCC_C_LANGUAGE_STANDARD = gnu11;
				GCC_NO_COMMON_BLOCKS = YES;
				GCC_WARN_64_TO_32_BIT_CONVERSION = YES;
				GCC_WARN_ABOUT_RETURN_TYPE = YES_ERROR;
				GCC_WARN_UNDECLARED_SELECTOR = YES;
				GCC_WARN_UNINITIALIZED_AUTOS = YES_AGGRESSIVE;
				GCC_WARN_UNUSED_FUNCTION = YES;
				GCC_WARN_UNUSED_VARIABLE = YES;
				IPHONEOS_DEPLOYMENT_TARGET = 11.0;
				MTL_ENABLE_DEBUG_INFO = NO;
				MTL_FAST_MATH = YES;
				SDKROOT = iphoneos;
				SWIFT_COMPILATION_MODE = wholemodule;
				SWIFT_OPTIMIZATION_LEVEL = "-O";
				VALIDATE_PRODUCT = YES;
			};
			name = Release;
		};
		385C567B28D4A991004AC34A /* Debug */ = {
			isa = XCBuildConfiguration;
			buildSettings = {
				ASSETCATALOG_COMPILER_APPICON_NAME = AppIcon;
				ASSETCATALOG_COMPILER_GLOBAL_ACCENT_COLOR_NAME = AccentColor;
				CODE_SIGN_STYLE = Automatic;
				CURRENT_PROJECT_VERSION = 1;
				DEVELOPMENT_TEAM = JPN4ML425P;
				GENERATE_INFOPLIST_FILE = YES;
				INFOPLIST_FILE = trainingtask/res/Info.plist;
				INFOPLIST_KEY_UIApplicationSupportsIndirectInputEvents = YES;
				INFOPLIST_KEY_UILaunchStoryboardName = LaunchScreen;
				INFOPLIST_KEY_UISupportedInterfaceOrientations_iPad = "UIInterfaceOrientationPortrait UIInterfaceOrientationPortraitUpsideDown UIInterfaceOrientationLandscapeLeft UIInterfaceOrientationLandscapeRight";
				INFOPLIST_KEY_UISupportedInterfaceOrientations_iPhone = "UIInterfaceOrientationPortrait UIInterfaceOrientationLandscapeLeft UIInterfaceOrientationLandscapeRight";
				LD_RUNPATH_SEARCH_PATHS = (
					"$(inherited)",
					"@executable_path/Frameworks",
				);
				MARKETING_VERSION = 1.0;
				PRODUCT_BUNDLE_IDENTIFIER = Tomilo.A.trainingtask;
				PRODUCT_NAME = "$(TARGET_NAME)";
				SWIFT_EMIT_LOC_STRINGS = YES;
				SWIFT_VERSION = 5.0;
				TARGETED_DEVICE_FAMILY = "1,2";
			};
			name = Debug;
		};
		385C567C28D4A991004AC34A /* Release */ = {
			isa = XCBuildConfiguration;
			buildSettings = {
				ASSETCATALOG_COMPILER_APPICON_NAME = AppIcon;
				ASSETCATALOG_COMPILER_GLOBAL_ACCENT_COLOR_NAME = AccentColor;
				CODE_SIGN_STYLE = Automatic;
				CURRENT_PROJECT_VERSION = 1;
				DEVELOPMENT_TEAM = JPN4ML425P;
				GENERATE_INFOPLIST_FILE = YES;
				INFOPLIST_FILE = trainingtask/res/Info.plist;
				INFOPLIST_KEY_UIApplicationSupportsIndirectInputEvents = YES;
				INFOPLIST_KEY_UILaunchStoryboardName = LaunchScreen;
				INFOPLIST_KEY_UISupportedInterfaceOrientations_iPad = "UIInterfaceOrientationPortrait UIInterfaceOrientationPortraitUpsideDown UIInterfaceOrientationLandscapeLeft UIInterfaceOrientationLandscapeRight";
				INFOPLIST_KEY_UISupportedInterfaceOrientations_iPhone = "UIInterfaceOrientationPortrait UIInterfaceOrientationLandscapeLeft UIInterfaceOrientationLandscapeRight";
				LD_RUNPATH_SEARCH_PATHS = (
					"$(inherited)",
					"@executable_path/Frameworks",
				);
				MARKETING_VERSION = 1.0;
				PRODUCT_BUNDLE_IDENTIFIER = Tomilo.A.trainingtask;
				PRODUCT_NAME = "$(TARGET_NAME)";
				SWIFT_EMIT_LOC_STRINGS = YES;
				SWIFT_VERSION = 5.0;
				TARGETED_DEVICE_FAMILY = "1,2";
			};
			name = Release;
		};
/* End XCBuildConfiguration section */

/* Begin XCConfigurationList section */
		385C566128D4A98C004AC34A /* Build configuration list for PBXProject "trainingtask" */ = {
			isa = XCConfigurationList;
			buildConfigurations = (
				385C567828D4A991004AC34A /* Debug */,
				385C567928D4A991004AC34A /* Release */,
			);
			defaultConfigurationIsVisible = 0;
			defaultConfigurationName = Release;
		};
		385C567A28D4A991004AC34A /* Build configuration list for PBXNativeTarget "trainingtask" */ = {
			isa = XCConfigurationList;
			buildConfigurations = (
				385C567B28D4A991004AC34A /* Debug */,
				385C567C28D4A991004AC34A /* Release */,
			);
			defaultConfigurationIsVisible = 0;
			defaultConfigurationName = Release;
		};
/* End XCConfigurationList section */
	};
	rootObject = 385C565E28D4A98C004AC34A /* Project object */;
}
